
Microsoft Visual Studio Solution File, Format Version 12.00
# Visual Studio Version 16
VisualStudioVersion = 16.0.31205.134
MinimumVisualStudioVersion = 10.0.40219.1
Project("{9A19103F-16F7-4668-BE54-9A1E7A4F7556}") = "IntraTasks.DataAccess", "IntraTasks.DataAccess.csproj", "{2D3335F9-CDFF-4DAC-A17C-5C74DA86B2F0}"
EndProject
Project("{FAE04EC0-301F-11D3-BF4B-00C04F79EFBC}") = "IntraTasks.BusinessLogic", "..\IntraTasks.BusinessLogic\IntraTasks.BusinessLogic.csproj", "{5F138A98-E419-43B9-A8AC-A54F9F81BDA0}"
EndProject
Global
	GlobalSection(SolutionConfigurationPlatforms) = preSolution
		Debug|Any CPU = Debug|Any CPU
		Release|Any CPU = Release|Any CPU
	EndGlobalSection
	GlobalSection(ProjectConfigurationPlatforms) = postSolution
		{2D3335F9-CDFF-4DAC-A17C-5C74DA86B2F0}.Debug|Any CPU.ActiveCfg = Debug|Any CPU
		{2D3335F9-CDFF-4DAC-A17C-5C74DA86B2F0}.Debug|Any CPU.Build.0 = Debug|Any CPU
		{2D3335F9-CDFF-4DAC-A17C-5C74DA86B2F0}.Release|Any CPU.ActiveCfg = Release|Any CPU
		{2D3335F9-CDFF-4DAC-A17C-5C74DA86B2F0}.Release|Any CPU.Build.0 = Release|Any CPU
		{5F138A98-E419-43B9-A8AC-A54F9F81BDA0}.Debug|Any CPU.ActiveCfg = Debug|Any CPU
		{5F138A98-E419-43B9-A8AC-A54F9F81BDA0}.Debug|Any CPU.Build.0 = Debug|Any CPU
		{5F138A98-E419-43B9-A8AC-A54F9F81BDA0}.Release|Any CPU.ActiveCfg = Release|Any CPU
		{5F138A98-E419-43B9-A8AC-A54F9F81BDA0}.Release|Any CPU.Build.0 = Release|Any CPU
	EndGlobalSection
	GlobalSection(SolutionProperties) = preSolution
		HideSolutionNode = FALSE
	EndGlobalSection
	GlobalSection(ExtensibilityGlobals) = postSolution
		SolutionGuid = {261669CA-B1DD-422B-BBE1-6E3CCC9E79AF}
	EndGlobalSection
EndGlobal
